
Microsoft Visual Studio Solution File, Format Version 12.00
# Visual Studio Version 16
VisualStudioVersion = 16.0.31727.386
MinimumVisualStudioVersion = 10.0.40219.1
Project("{FAE04EC0-301F-11D3-BF4B-00C04F79EFBC}") = "Method", "Method.csproj", "{BB088FC4-257D-4F73-BA35-E934FAF4FB61}"
EndProject
Global
	GlobalSection(SolutionConfigurationPlatforms) = preSolution
		Debug|Any CPU = Debug|Any CPU
		Release|Any CPU = Release|Any CPU
	EndGlobalSection
	GlobalSection(ProjectConfigurationPlatforms) = postSolution
		{BB088FC4-257D-4F73-BA35-E934FAF4FB61}.Debug|Any CPU.ActiveCfg = Debug|Any CPU
		{BB088FC4-257D-4F73-BA35-E934FAF4FB61}.Debug|Any CPU.Build.0 = Debug|Any CPU
		{BB088FC4-257D-4F73-BA35-E934FAF4FB61}.Release|Any CPU.ActiveCfg = Release|Any CPU
		{BB088FC4-257D-4F73-BA35-E934FAF4FB61}.Release|Any CPU.Build.0 = Release|Any CPU
	EndGlobalSection
	GlobalSection(SolutionProperties) = preSolution
		HideSolutionNode = FALSE
	EndGlobalSection
	GlobalSection(ExtensibilityGlobals) = postSolution
		SolutionGuid = {15B78C87-A615-4C6E-ADD9-84D9D765F188}
	EndGlobalSection
EndGlobal
